// !$*UTF8*$!
{
	archiveVersion = 1;
	classes = {
	};
	objectVersion = 50;
	objects = {

/* Begin PBXBuildFile section */
		EF1B150A23735DD900FFFA56 /* AppDelegate.swift in Sources */ = {isa = PBXBuildFile; fileRef = EF1B150923735DD900FFFA56 /* AppDelegate.swift */; };
		EF1B150C23735DD900FFFA56 /* SceneDelegate.swift in Sources */ = {isa = PBXBuildFile; fileRef = EF1B150B23735DD900FFFA56 /* SceneDelegate.swift */; };
		EF1B150E23735DD900FFFA56 /* TableViewController.swift in Sources */ = {isa = PBXBuildFile; fileRef = EF1B150D23735DD900FFFA56 /* TableViewController.swift */; };
		EF1B151123735DD900FFFA56 /* Main.storyboard in Resources */ = {isa = PBXBuildFile; fileRef = EF1B150F23735DD900FFFA56 /* Main.storyboard */; };
		EF1B151323735DDE00FFFA56 /* Assets.xcassets in Resources */ = {isa = PBXBuildFile; fileRef = EF1B151223735DDE00FFFA56 /* Assets.xcassets */; };
		EF1B151623735DDE00FFFA56 /* LaunchScreen.storyboard in Resources */ = {isa = PBXBuildFile; fileRef = EF1B151423735DDE00FFFA56 /* LaunchScreen.storyboard */; };
		EF1B151F2374410100FFFA56 /* DetailViewController.swift in Sources */ = {isa = PBXBuildFile; fileRef = EF1B151D2374410100FFFA56 /* DetailViewController.swift */; };
		EF5C2958237DBEFB0037D3F8 /* PublicationsStruct.swift in Sources */ = {isa = PBXBuildFile; fileRef = EF5C2957237DBEFB0037D3F8 /* PublicationsStruct.swift */; };
		EF5C295A237DC5230037D3F8 /* CustomTableViewCell.swift in Sources */ = {isa = PBXBuildFile; fileRef = EF5C2959237DC5230037D3F8 /* CustomTableViewCell.swift */; };
		EF5C295C237E0EA50037D3F8 /* TableCellViewModel.swift in Sources */ = {isa = PBXBuildFile; fileRef = EF5C295B237E0EA50037D3F8 /* TableCellViewModel.swift */; };
		EF5C295E237EEA3F0037D3F8 /* DetailViewModel.swift in Sources */ = {isa = PBXBuildFile; fileRef = EF5C295D237EEA3F0037D3F8 /* DetailViewModel.swift */; };
		EFCA9D20237B7A9C00DA2AE9 /* DetailViewModelType.swift in Sources */ = {isa = PBXBuildFile; fileRef = EFCA9D1F237B7A9C00DA2AE9 /* DetailViewModelType.swift */; };
		EFCA9D22237B7ABD00DA2AE9 /* TableViewModelType.swift in Sources */ = {isa = PBXBuildFile; fileRef = EFCA9D21237B7ABD00DA2AE9 /* TableViewModelType.swift */; };
		EFCA9D24237B7AD300DA2AE9 /* TableCellViewModelType.swift in Sources */ = {isa = PBXBuildFile; fileRef = EFCA9D23237B7AD300DA2AE9 /* TableCellViewModelType.swift */; };
		EFCA9D27237CAF8100DA2AE9 /* config.swift in Sources */ = {isa = PBXBuildFile; fileRef = EFCA9D26237CAF8100DA2AE9 /* config.swift */; };
		EFCA9D29237CB0DA00DA2AE9 /* Publication.swift in Sources */ = {isa = PBXBuildFile; fileRef = EFCA9D28237CB0DA00DA2AE9 /* Publication.swift */; };
		EFCA9D2B237CBB3E00DA2AE9 /* TableViewModel.swift in Sources */ = {isa = PBXBuildFile; fileRef = EFCA9D2A237CBB3E00DA2AE9 /* TableViewModel.swift */; };
		EFEB3C5923880376002D151B /* TablelNetwork.swift in Sources */ = {isa = PBXBuildFile; fileRef = EFEB3C5823880376002D151B /* TablelNetwork.swift */; };
		EFF9C616238B20CB005EF705 /* TableCellNetwork.swift in Sources */ = {isa = PBXBuildFile; fileRef = EFF9C615238B20CB005EF705 /* TableCellNetwork.swift */; };
		EFF9C619238C00A6005EF705 /* SberbankTestTask.xcdatamodeld in Sources */ = {isa = PBXBuildFile; fileRef = EFF9C617238C00A6005EF705 /* SberbankTestTask.xcdatamodeld */; };
		EFF9C61B238C1DD3005EF705 /* LoadPhotoDelegate.swift in Sources */ = {isa = PBXBuildFile; fileRef = EFF9C61A238C1DD3005EF705 /* LoadPhotoDelegate.swift */; };
		EFF9C61D238C77CB005EF705 /* CoreDataManager.swift in Sources */ = {isa = PBXBuildFile; fileRef = EFF9C61C238C77CB005EF705 /* CoreDataManager.swift */; };
		EFF9C61F238C783E005EF705 /* CoreDataManagerType.swift in Sources */ = {isa = PBXBuildFile; fileRef = EFF9C61E238C783E005EF705 /* CoreDataManagerType.swift */; };
/* End PBXBuildFile section */

/* Begin PBXFileReference section */
		EF1B150623735DD900FFFA56 /* SberbankTestTask.app */ = {isa = PBXFileReference; explicitFileType = wrapper.application; includeInIndex = 0; path = SberbankTestTask.app; sourceTree = BUILT_PRODUCTS_DIR; };
		EF1B150923735DD900FFFA56 /* AppDelegate.swift */ = {isa = PBXFileReference; lastKnownFileType = sourcecode.swift; path = AppDelegate.swift; sourceTree = "<group>"; };
		EF1B150B23735DD900FFFA56 /* SceneDelegate.swift */ = {isa = PBXFileReference; lastKnownFileType = sourcecode.swift; path = SceneDelegate.swift; sourceTree = "<group>"; };
		EF1B150D23735DD900FFFA56 /* TableViewController.swift */ = {isa = PBXFileReference; lastKnownFileType = sourcecode.swift; path = TableViewController.swift; sourceTree = "<group>"; };
		EF1B151023735DD900FFFA56 /* Base */ = {isa = PBXFileReference; lastKnownFileType = file.storyboard; name = Base; path = Base.lproj/Main.storyboard; sourceTree = "<group>"; };
		EF1B151223735DDE00FFFA56 /* Assets.xcassets */ = {isa = PBXFileReference; lastKnownFileType = folder.assetcatalog; path = Assets.xcassets; sourceTree = "<group>"; };
		EF1B151523735DDE00FFFA56 /* Base */ = {isa = PBXFileReference; lastKnownFileType = file.storyboard; name = Base; path = Base.lproj/LaunchScreen.storyboard; sourceTree = "<group>"; };
		EF1B151723735DDE00FFFA56 /* Info.plist */ = {isa = PBXFileReference; lastKnownFileType = text.plist.xml; path = Info.plist; sourceTree = "<group>"; };
		EF1B151D2374410100FFFA56 /* DetailViewController.swift */ = {isa = PBXFileReference; lastKnownFileType = sourcecode.swift; path = DetailViewController.swift; sourceTree = "<group>"; };
		EF5C2957237DBEFB0037D3F8 /* PublicationsStruct.swift */ = {isa = PBXFileReference; lastKnownFileType = sourcecode.swift; path = PublicationsStruct.swift; sourceTree = "<group>"; };
		EF5C2959237DC5230037D3F8 /* CustomTableViewCell.swift */ = {isa = PBXFileReference; lastKnownFileType = sourcecode.swift; path = CustomTableViewCell.swift; sourceTree = "<group>"; };
		EF5C295B237E0EA50037D3F8 /* TableCellViewModel.swift */ = {isa = PBXFileReference; lastKnownFileType = sourcecode.swift; path = TableCellViewModel.swift; sourceTree = "<group>"; };
		EF5C295D237EEA3F0037D3F8 /* DetailViewModel.swift */ = {isa = PBXFileReference; lastKnownFileType = sourcecode.swift; path = DetailViewModel.swift; sourceTree = "<group>"; };
		EFCA9D1F237B7A9C00DA2AE9 /* DetailViewModelType.swift */ = {isa = PBXFileReference; lastKnownFileType = sourcecode.swift; path = DetailViewModelType.swift; sourceTree = "<group>"; };
		EFCA9D21237B7ABD00DA2AE9 /* TableViewModelType.swift */ = {isa = PBXFileReference; lastKnownFileType = sourcecode.swift; path = TableViewModelType.swift; sourceTree = "<group>"; };
		EFCA9D23237B7AD300DA2AE9 /* TableCellViewModelType.swift */ = {isa = PBXFileReference; lastKnownFileType = sourcecode.swift; path = TableCellViewModelType.swift; sourceTree = "<group>"; };
		EFCA9D26237CAF8100DA2AE9 /* config.swift */ = {isa = PBXFileReference; lastKnownFileType = sourcecode.swift; path = config.swift; sourceTree = "<group>"; };
		EFCA9D28237CB0DA00DA2AE9 /* Publication.swift */ = {isa = PBXFileReference; lastKnownFileType = sourcecode.swift; path = Publication.swift; sourceTree = "<group>"; };
		EFCA9D2A237CBB3E00DA2AE9 /* TableViewModel.swift */ = {isa = PBXFileReference; lastKnownFileType = sourcecode.swift; path = TableViewModel.swift; sourceTree = "<group>"; };
		EFEB3C5823880376002D151B /* TablelNetwork.swift */ = {isa = PBXFileReference; lastKnownFileType = sourcecode.swift; path = TablelNetwork.swift; sourceTree = "<group>"; };
		EFF9C615238B20CB005EF705 /* TableCellNetwork.swift */ = {isa = PBXFileReference; lastKnownFileType = sourcecode.swift; path = TableCellNetwork.swift; sourceTree = "<group>"; };
		EFF9C618238C00A6005EF705 /* Model.xcdatamodel */ = {isa = PBXFileReference; lastKnownFileType = wrapper.xcdatamodel; path = Model.xcdatamodel; sourceTree = "<group>"; };
		EFF9C61A238C1DD3005EF705 /* LoadPhotoDelegate.swift */ = {isa = PBXFileReference; lastKnownFileType = sourcecode.swift; path = LoadPhotoDelegate.swift; sourceTree = "<group>"; };
		EFF9C61C238C77CB005EF705 /* CoreDataManager.swift */ = {isa = PBXFileReference; lastKnownFileType = sourcecode.swift; path = CoreDataManager.swift; sourceTree = "<group>"; };
		EFF9C61E238C783E005EF705 /* CoreDataManagerType.swift */ = {isa = PBXFileReference; lastKnownFileType = sourcecode.swift; path = CoreDataManagerType.swift; sourceTree = "<group>"; };
/* End PBXFileReference section */

/* Begin PBXFrameworksBuildPhase section */
		EF1B150323735DD900FFFA56 /* Frameworks */ = {
			isa = PBXFrameworksBuildPhase;
			buildActionMask = 2147483647;
			files = (
			);
			runOnlyForDeploymentPostprocessing = 0;
		};
/* End PBXFrameworksBuildPhase section */

/* Begin PBXGroup section */
		EF1B14FD23735DD900FFFA56 = {
			isa = PBXGroup;
			children = (
				EFF9C617238C00A6005EF705 /* SberbankTestTask.xcdatamodeld */,
				EF1B150823735DD900FFFA56 /* SberbankTestTask */,
				EF1B150723735DD900FFFA56 /* Products */,
			);
			sourceTree = "<group>";
		};
		EF1B150723735DD900FFFA56 /* Products */ = {
			isa = PBXGroup;
			children = (
				EF1B150623735DD900FFFA56 /* SberbankTestTask.app */,
			);
			name = Products;
			sourceTree = "<group>";
		};
		EF1B150823735DD900FFFA56 /* SberbankTestTask */ = {
			isa = PBXGroup;
			children = (
				EF1B150F23735DD900FFFA56 /* Main.storyboard */,
				EF1B151423735DDE00FFFA56 /* LaunchScreen.storyboard */,
				EFCA9D1E237B684E00DA2AE9 /* model */,
				EFCA9D1D237B684600DA2AE9 /* viewModel */,
				EFCA9D1C237B683800DA2AE9 /* view */,
				EFCA9D1B237B682200DA2AE9 /* protocols */,
				EF1B150923735DD900FFFA56 /* AppDelegate.swift */,
				EF1B150B23735DD900FFFA56 /* SceneDelegate.swift */,
				EF1B151223735DDE00FFFA56 /* Assets.xcassets */,
				EF1B151723735DDE00FFFA56 /* Info.plist */,
				EFCA9D26237CAF8100DA2AE9 /* config.swift */,
				EF5C2959237DC5230037D3F8 /* CustomTableViewCell.swift */,
			);
			path = SberbankTestTask;
			sourceTree = "<group>";
		};
		EFCA9D1B237B682200DA2AE9 /* protocols */ = {
			isa = PBXGroup;
			children = (
				EFCA9D21237B7ABD00DA2AE9 /* TableViewModelType.swift */,
				EFCA9D23237B7AD300DA2AE9 /* TableCellViewModelType.swift */,
				EFCA9D1F237B7A9C00DA2AE9 /* DetailViewModelType.swift */,
				EFF9C61A238C1DD3005EF705 /* LoadPhotoDelegate.swift */,
				EFF9C61E238C783E005EF705 /* CoreDataManagerType.swift */,
			);
			path = protocols;
			sourceTree = "<group>";
		};
		EFCA9D1C237B683800DA2AE9 /* view */ = {
			isa = PBXGroup;
			children = (
				EF1B150D23735DD900FFFA56 /* TableViewController.swift */,
				EF1B151D2374410100FFFA56 /* DetailViewController.swift */,
			);
			path = view;
			sourceTree = "<group>";
		};
		EFCA9D1D237B684600DA2AE9 /* viewModel */ = {
			isa = PBXGroup;
			children = (
				EFCA9D2A237CBB3E00DA2AE9 /* TableViewModel.swift */,
				EF5C295B237E0EA50037D3F8 /* TableCellViewModel.swift */,
				EF5C295D237EEA3F0037D3F8 /* DetailViewModel.swift */,
			);
			path = viewModel;
			sourceTree = "<group>";
		};
		EFCA9D1E237B684E00DA2AE9 /* model */ = {
			isa = PBXGroup;
			children = (
				EFCA9D28237CB0DA00DA2AE9 /* Publication.swift */,
				EF5C2957237DBEFB0037D3F8 /* PublicationsStruct.swift */,
				EFEB3C5823880376002D151B /* TablelNetwork.swift */,
				EFF9C615238B20CB005EF705 /* TableCellNetwork.swift */,
				EFF9C61C238C77CB005EF705 /* CoreDataManager.swift */,
			);
			path = model;
			sourceTree = "<group>";
		};
/* End PBXGroup section */

/* Begin PBXNativeTarget section */
		EF1B150523735DD900FFFA56 /* SberbankTestTask */ = {
			isa = PBXNativeTarget;
			buildConfigurationList = EF1B151A23735DDE00FFFA56 /* Build configuration list for PBXNativeTarget "SberbankTestTask" */;
			buildPhases = (
				EF1B150223735DD900FFFA56 /* Sources */,
				EF1B150323735DD900FFFA56 /* Frameworks */,
				EF1B150423735DD900FFFA56 /* Resources */,
			);
			buildRules = (
			);
			dependencies = (
			);
			name = SberbankTestTask;
			productName = SberbankTestTask;
			productReference = EF1B150623735DD900FFFA56 /* SberbankTestTask.app */;
			productType = "com.apple.product-type.application";
		};
/* End PBXNativeTarget section */

/* Begin PBXProject section */
		EF1B14FE23735DD900FFFA56 /* Project object */ = {
			isa = PBXProject;
			attributes = {
				LastSwiftUpdateCheck = 1110;
				LastUpgradeCheck = 1110;
				ORGANIZATIONNAME = "Михаил Разин";
				TargetAttributes = {
					EF1B150523735DD900FFFA56 = {
						CreatedOnToolsVersion = 11.1;
					};
				};
			};
			buildConfigurationList = EF1B150123735DD900FFFA56 /* Build configuration list for PBXProject "SberbankTestTask" */;
			compatibilityVersion = "Xcode 9.3";
			developmentRegion = en;
			hasScannedForEncodings = 0;
			knownRegions = (
				en,
				Base,
			);
			mainGroup = EF1B14FD23735DD900FFFA56;
			productRefGroup = EF1B150723735DD900FFFA56 /* Products */;
			projectDirPath = "";
			projectRoot = "";
			targets = (
				EF1B150523735DD900FFFA56 /* SberbankTestTask */,
			);
		};
/* End PBXProject section */

/* Begin PBXResourcesBuildPhase section */
		EF1B150423735DD900FFFA56 /* Resources */ = {
			isa = PBXResourcesBuildPhase;
			buildActionMask = 2147483647;
			files = (
				EF1B151623735DDE00FFFA56 /* LaunchScreen.storyboard in Resources */,
				EF1B151323735DDE00FFFA56 /* Assets.xcassets in Resources */,
				EF1B151123735DD900FFFA56 /* Main.storyboard in Resources */,
			);
			runOnlyForDeploymentPostprocessing = 0;
		};
/* End PBXResourcesBuildPhase section */

/* Begin PBXSourcesBuildPhase section */
		EF1B150223735DD900FFFA56 /* Sources */ = {
			isa = PBXSourcesBuildPhase;
			buildActionMask = 2147483647;
			files = (
				EF5C2958237DBEFB0037D3F8 /* PublicationsStruct.swift in Sources */,
				EFCA9D24237B7AD300DA2AE9 /* TableCellViewModelType.swift in Sources */,
				EFCA9D2B237CBB3E00DA2AE9 /* TableViewModel.swift in Sources */,
				EFF9C61D238C77CB005EF705 /* CoreDataManager.swift in Sources */,
				EFF9C616238B20CB005EF705 /* TableCellNetwork.swift in Sources */,
				EF1B150E23735DD900FFFA56 /* TableViewController.swift in Sources */,
				EF1B150A23735DD900FFFA56 /* AppDelegate.swift in Sources */,
				EFEB3C5923880376002D151B /* TablelNetwork.swift in Sources */,
				EFF9C61F238C783E005EF705 /* CoreDataManagerType.swift in Sources */,
				EFF9C61B238C1DD3005EF705 /* LoadPhotoDelegate.swift in Sources */,
				EF1B150C23735DD900FFFA56 /* SceneDelegate.swift in Sources */,
				EFF9C619238C00A6005EF705 /* SberbankTestTask.xcdatamodeld in Sources */,
				EF5C295A237DC5230037D3F8 /* CustomTableViewCell.swift in Sources */,
				EF5C295C237E0EA50037D3F8 /* TableCellViewModel.swift in Sources */,
				EFCA9D29237CB0DA00DA2AE9 /* Publication.swift in Sources */,
				EF5C295E237EEA3F0037D3F8 /* DetailViewModel.swift in Sources */,
				EFCA9D20237B7A9C00DA2AE9 /* DetailViewModelType.swift in Sources */,
				EFCA9D27237CAF8100DA2AE9 /* config.swift in Sources */,
				EF1B151F2374410100FFFA56 /* DetailViewController.swift in Sources */,
				EFCA9D22237B7ABD00DA2AE9 /* TableViewModelType.swift in Sources */,
			);
			runOnlyForDeploymentPostprocessing = 0;
		};
/* End PBXSourcesBuildPhase section */

/* Begin PBXVariantGroup section */
		EF1B150F23735DD900FFFA56 /* Main.storyboard */ = {
			isa = PBXVariantGroup;
			children = (
				EF1B151023735DD900FFFA56 /* Base */,
			);
			name = Main.storyboard;
			sourceTree = "<group>";
		};
		EF1B151423735DDE00FFFA56 /* LaunchScreen.storyboard */ = {
			isa = PBXVariantGroup;
			children = (
				EF1B151523735DDE00FFFA56 /* Base */,
			);
			name = LaunchScreen.storyboard;
			sourceTree = "<group>";
		};
/* End PBXVariantGroup section */

/* Begin XCBuildConfiguration section */
		EF1B151823735DDE00FFFA56 /* Debug */ = {
			isa = XCBuildConfiguration;
			buildSettings = {
				ALWAYS_SEARCH_USER_PATHS = NO;
				CLANG_ANALYZER_NONNULL = YES;
				CLANG_ANALYZER_NUMBER_OBJECT_CONVERSION = YES_AGGRESSIVE;
				CLANG_CXX_LANGUAGE_STANDARD = "gnu++14";
				CLANG_CXX_LIBRARY = "libc++";
				CLANG_ENABLE_MODULES = YES;
				CLANG_ENABLE_OBJC_ARC = YES;
				CLANG_ENABLE_OBJC_WEAK = YES;
				CLANG_WARN_BLOCK_CAPTURE_AUTORELEASING = YES;
				CLANG_WARN_BOOL_CONVERSION = YES;
				CLANG_WARN_COMMA = YES;
				CLANG_WARN_CONSTANT_CONVERSION = YES;
				CLANG_WARN_DEPRECATED_OBJC_IMPLEMENTATIONS = YES;
				CLANG_WARN_DIRECT_OBJC_ISA_USAGE = YES_ERROR;
				CLANG_WARN_DOCUMENTATION_COMMENTS = YES;
				CLANG_WARN_EMPTY_BODY = YES;
				CLANG_WARN_ENUM_CONVERSION = YES;
				CLANG_WARN_INFINITE_RECURSION = YES;
				CLANG_WARN_INT_CONVERSION = YES;
				CLANG_WARN_NON_LITERAL_NULL_CONVERSION = YES;
				CLANG_WARN_OBJC_IMPLICIT_RETAIN_SELF = YES;
				CLANG_WARN_OBJC_LITERAL_CONVERSION = YES;
				CLANG_WARN_OBJC_ROOT_CLASS = YES_ERROR;
				CLANG_WARN_RANGE_LOOP_ANALYSIS = YES;
				CLANG_WARN_STRICT_PROTOTYPES = YES;
				CLANG_WARN_SUSPICIOUS_MOVE = YES;
				CLANG_WARN_UNGUARDED_AVAILABILITY = YES_AGGRESSIVE;
				CLANG_WARN_UNREACHABLE_CODE = YES;
				CLANG_WARN__DUPLICATE_METHOD_MATCH = YES;
				COPY_PHASE_STRIP = NO;
				DEBUG_INFORMATION_FORMAT = dwarf;
				ENABLE_STRICT_OBJC_MSGSEND = YES;
				ENABLE_TESTABILITY = YES;
				GCC_C_LANGUAGE_STANDARD = gnu11;
				GCC_DYNAMIC_NO_PIC = NO;
				GCC_NO_COMMON_BLOCKS = YES;
				GCC_OPTIMIZATION_LEVEL = 0;
				GCC_PREPROCESSOR_DEFINITIONS = (
					"DEBUG=1",
					"$(inherited)",
				);
				GCC_WARN_64_TO_32_BIT_CONVERSION = YES;
				GCC_WARN_ABOUT_RETURN_TYPE = YES_ERROR;
				GCC_WARN_UNDECLARED_SELECTOR = YES;
				GCC_WARN_UNINITIALIZED_AUTOS = YES_AGGRESSIVE;
				GCC_WARN_UNUSED_FUNCTION = YES;
				GCC_WARN_UNUSED_VARIABLE = YES;
				IPHONEOS_DEPLOYMENT_TARGET = 13.0;
				MTL_ENABLE_DEBUG_INFO = INCLUDE_SOURCE;
				MTL_FAST_MATH = YES;
				ONLY_ACTIVE_ARCH = YES;
				SDKROOT = iphoneos;
				SWIFT_ACTIVE_COMPILATION_CONDITIONS = DEBUG;
				SWIFT_OPTIMIZATION_LEVEL = "-Onone";
			};
			name = Debug;
		};
		EF1B151923735DDE00FFFA56 /* Release */ = {
			isa = XCBuildConfiguration;
			buildSettings = {
				ALWAYS_SEARCH_USER_PATHS = NO;
				CLANG_ANALYZER_NONNULL = YES;
				CLANG_ANALYZER_NUMBER_OBJECT_CONVERSION = YES_AGGRESSIVE;
				CLANG_CXX_LANGUAGE_STANDARD = "gnu++14";
				CLANG_CXX_LIBRARY = "libc++";
				CLANG_ENABLE_MODULES = YES;
				CLANG_ENABLE_OBJC_ARC = YES;
				CLANG_ENABLE_OBJC_WEAK = YES;
				CLANG_WARN_BLOCK_CAPTURE_AUTORELEASING = YES;
				CLANG_WARN_BOOL_CONVERSION = YES;
				CLANG_WARN_COMMA = YES;
				CLANG_WARN_CONSTANT_CONVERSION = YES;
				CLANG_WARN_DEPRECATED_OBJC_IMPLEMENTATIONS = YES;
				CLANG_WARN_DIRECT_OBJC_ISA_USAGE = YES_ERROR;
				CLANG_WARN_DOCUMENTATION_COMMENTS = YES;
				CLANG_WARN_EMPTY_BODY = YES;
				CLANG_WARN_ENUM_CONVERSION = YES;
				CLANG_WARN_INFINITE_RECURSION = YES;
				CLANG_WARN_INT_CONVERSION = YES;
				CLANG_WARN_NON_LITERAL_NULL_CONVERSION = YES;
				CLANG_WARN_OBJC_IMPLICIT_RETAIN_SELF = YES;
				CLANG_WARN_OBJC_LITERAL_CONVERSION = YES;
				CLANG_WARN_OBJC_ROOT_CLASS = YES_ERROR;
				CLANG_WARN_RANGE_LOOP_ANALYSIS = YES;
				CLANG_WARN_STRICT_PROTOTYPES = YES;
				CLANG_WARN_SUSPICIOUS_MOVE = YES;
				CLANG_WARN_UNGUARDED_AVAILABILITY = YES_AGGRESSIVE;
				CLANG_WARN_UNREACHABLE_CODE = YES;
				CLANG_WARN__DUPLICATE_METHOD_MATCH = YES;
				COPY_PHASE_STRIP = NO;
				DEBUG_INFORMATION_FORMAT = "dwarf-with-dsym";
				ENABLE_NS_ASSERTIONS = NO;
				ENABLE_STRICT_OBJC_MSGSEND = YES;
				GCC_C_LANGUAGE_STANDARD = gnu11;
				GCC_NO_COMMON_BLOCKS = YES;
				GCC_WARN_64_TO_32_BIT_CONVERSION = YES;
				GCC_WARN_ABOUT_RETURN_TYPE = YES_ERROR;
				GCC_WARN_UNDECLARED_SELECTOR = YES;
				GCC_WARN_UNINITIALIZED_AUTOS = YES_AGGRESSIVE;
				GCC_WARN_UNUSED_FUNCTION = YES;
				GCC_WARN_UNUSED_VARIABLE = YES;
				IPHONEOS_DEPLOYMENT_TARGET = 13.0;
				MTL_ENABLE_DEBUG_INFO = NO;
				MTL_FAST_MATH = YES;
				SDKROOT = iphoneos;
				SWIFT_COMPILATION_MODE = wholemodule;
				SWIFT_OPTIMIZATION_LEVEL = "-O";
				VALIDATE_PRODUCT = YES;
			};
			name = Release;
		};
		EF1B151B23735DDE00FFFA56 /* Debug */ = {
			isa = XCBuildConfiguration;
			buildSettings = {
				ASSETCATALOG_COMPILER_APPICON_NAME = AppIcon;
				CODE_SIGN_STYLE = Automatic;
				DEVELOPMENT_TEAM = L6R768ZJYV;
				INFOPLIST_FILE = SberbankTestTask/Info.plist;
				IPHONEOS_DEPLOYMENT_TARGET = 13.0;
				LD_RUNPATH_SEARCH_PATHS = (
					"$(inherited)",
					"@executable_path/Frameworks",
				);
				PRODUCT_BUNDLE_IDENTIFIER = "universal-soft.SberbankTestTask";
				PRODUCT_NAME = "$(TARGET_NAME)";
				SWIFT_VERSION = 5.0;
				TARGETED_DEVICE_FAMILY = "1,2";
			};
			name = Debug;
		};
		EF1B151C23735DDE00FFFA56 /* Release */ = {
			isa = XCBuildConfiguration;
			buildSettings = {
				ASSETCATALOG_COMPILER_APPICON_NAME = AppIcon;
				CODE_SIGN_STYLE = Automatic;
				DEVELOPMENT_TEAM = L6R768ZJYV;
				INFOPLIST_FILE = SberbankTestTask/Info.plist;
				IPHONEOS_DEPLOYMENT_TARGET = 13.0;
				LD_RUNPATH_SEARCH_PATHS = (
					"$(inherited)",
					"@executable_path/Frameworks",
				);
				PRODUCT_BUNDLE_IDENTIFIER = "universal-soft.SberbankTestTask";
				PRODUCT_NAME = "$(TARGET_NAME)";
				SWIFT_VERSION = 5.0;
				TARGETED_DEVICE_FAMILY = "1,2";
			};
			name = Release;
		};
/* End XCBuildConfiguration section */

/* Begin XCConfigurationList section */
		EF1B150123735DD900FFFA56 /* Build configuration list for PBXProject "SberbankTestTask" */ = {
			isa = XCConfigurationList;
			buildConfigurations = (
				EF1B151823735DDE00FFFA56 /* Debug */,
				EF1B151923735DDE00FFFA56 /* Release */,
			);
			defaultConfigurationIsVisible = 0;
			defaultConfigurationName = Release;
		};
		EF1B151A23735DDE00FFFA56 /* Build configuration list for PBXNativeTarget "SberbankTestTask" */ = {
			isa = XCConfigurationList;
			buildConfigurations = (
				EF1B151B23735DDE00FFFA56 /* Debug */,
				EF1B151C23735DDE00FFFA56 /* Release */,
			);
			defaultConfigurationIsVisible = 0;
			defaultConfigurationName = Release;
		};
/* End XCConfigurationList section */

/* Begin XCVersionGroup section */
		EFF9C617238C00A6005EF705 /* SberbankTestTask.xcdatamodeld */ = {
			isa = XCVersionGroup;
			children = (
				EFF9C618238C00A6005EF705 /* Model.xcdatamodel */,
			);
			currentVersion = EFF9C618238C00A6005EF705 /* Model.xcdatamodel */;
			path = SberbankTestTask.xcdatamodeld;
			sourceTree = "<group>";
			versionGroupType = wrapper.xcdatamodel;
		};
/* End XCVersionGroup section */
	};
	rootObject = EF1B14FE23735DD900FFFA56 /* Project object */;
}
